
Microsoft Visual Studio Solution File, Format Version 12.00
# Visual Studio Version 16
VisualStudioVersion = 16.0.30114.105
MinimumVisualStudioVersion = 10.0.40219.1
Project("{F184B08F-C81C-45F6-A57F-5ABD9991F28F}") = "framework", "framework\framework.vbproj", "{7409416B-1173-43E5-991D-A4BE1DB1BD47}"
EndProject
Global
	GlobalSection(SolutionConfigurationPlatforms) = preSolution
		Debug|Any CPU = Debug|Any CPU
		Release|Any CPU = Release|Any CPU
	EndGlobalSection
	GlobalSection(ProjectConfigurationPlatforms) = postSolution
		{7409416B-1173-43E5-991D-A4BE1DB1BD47}.Debug|Any CPU.ActiveCfg = Debug|Any CPU
		{7409416B-1173-43E5-991D-A4BE1DB1BD47}.Debug|Any CPU.Build.0 = Debug|Any CPU
		{7409416B-1173-43E5-991D-A4BE1DB1BD47}.Release|Any CPU.ActiveCfg = Release|Any CPU
		{7409416B-1173-43E5-991D-A4BE1DB1BD47}.Release|Any CPU.Build.0 = Release|Any CPU
	EndGlobalSection
	GlobalSection(SolutionProperties) = preSolution
		HideSolutionNode = FALSE
	EndGlobalSection
	GlobalSection(ExtensibilityGlobals) = postSolution
		SolutionGuid = {A8324D04-625D-46F4-8CBE-FD615C9D1F85}
	EndGlobalSection
EndGlobal
